
Microsoft Visual Studio Solution File, Format Version 12.00
# Visual Studio Version 17
VisualStudioVersion = 17.11.35303.130
MinimumVisualStudioVersion = 10.0.40219.1
Project("{FAE04EC0-301F-11D3-BF4B-00C04F79EFBC}") = "Ejercicio01", "Ejercicio01\Ejercicio01.csproj", "{A1E8CAC1-A603-45B5-8E0C-4B283B8B80D2}"
EndProject
Global
	GlobalSection(SolutionConfigurationPlatforms) = preSolution
		Debug|Any CPU = Debug|Any CPU
		Release|Any CPU = Release|Any CPU
	EndGlobalSection
	GlobalSection(ProjectConfigurationPlatforms) = postSolution
		{A1E8CAC1-A603-45B5-8E0C-4B283B8B80D2}.Debug|Any CPU.ActiveCfg = Debug|Any CPU
		{A1E8CAC1-A603-45B5-8E0C-4B283B8B80D2}.Debug|Any CPU.Build.0 = Debug|Any CPU
		{A1E8CAC1-A603-45B5-8E0C-4B283B8B80D2}.Release|Any CPU.ActiveCfg = Release|Any CPU
		{A1E8CAC1-A603-45B5-8E0C-4B283B8B80D2}.Release|Any CPU.Build.0 = Release|Any CPU
	EndGlobalSection
	GlobalSection(SolutionProperties) = preSolution
		HideSolutionNode = FALSE
	EndGlobalSection
	GlobalSection(ExtensibilityGlobals) = postSolution
		SolutionGuid = {D602B923-4A37-4B46-9E6C-15E6AFA4D47D}
	EndGlobalSection
EndGlobal
